
Microsoft Visual Studio Solution File, Format Version 12.00
# Visual Studio 15
VisualStudioVersion = 15.0.28307.168
MinimumVisualStudioVersion = 10.0.40219.1
Project("{FAE04EC0-301F-11D3-BF4B-00C04F79EFBC}") = "Menu", "Menu\Menu.csproj", "{F0A8AE85-9921-42C9-B3BA-0E3854276878}"
EndProject
Global
	GlobalSection(SolutionConfigurationPlatforms) = preSolution
		Debug|Any CPU = Debug|Any CPU
		Release|Any CPU = Release|Any CPU
	EndGlobalSection
	GlobalSection(ProjectConfigurationPlatforms) = postSolution
		{F0A8AE85-9921-42C9-B3BA-0E3854276878}.Debug|Any CPU.ActiveCfg = Debug|Any CPU
		{F0A8AE85-9921-42C9-B3BA-0E3854276878}.Debug|Any CPU.Build.0 = Debug|Any CPU
		{F0A8AE85-9921-42C9-B3BA-0E3854276878}.Release|Any CPU.ActiveCfg = Release|Any CPU
		{F0A8AE85-9921-42C9-B3BA-0E3854276878}.Release|Any CPU.Build.0 = Release|Any CPU
	EndGlobalSection
	GlobalSection(SolutionProperties) = preSolution
		HideSolutionNode = FALSE
	EndGlobalSection
	GlobalSection(ExtensibilityGlobals) = postSolution
		SolutionGuid = {A84601AC-ABDA-4776-870C-3F8D041C2CE5}
	EndGlobalSection
EndGlobal
